<?xml version="1.0" encoding="utf-8"?>
<Project ToolsVersion="4.0" xmlns="http://schemas.microsoft.com/developer/msbuild/2003">
  <ItemGroup>
    <Filter Include="소스 파일">
      <UniqueIdentifier>{4FC737F1-C7A5-4376-A066-2A32D752A2FF}</UniqueIdentifier>
      <Extensions>cpp;c;cc;cxx;c++;cppm;ixx;def;odl;idl;hpj;bat;asm;asmx</Extensions>
    </Filter>
    <Filter Include="헤더 파일">
      <UniqueIdentifier>{93995380-89BD-4b04-88EB-625FBE52EBFB}</UniqueIdentifier>
      <Extensions>h;hh;hpp;hxx;h++;hm;inl;inc;ipp;xsd</Extensions>
    </Filter>
    <Filter Include="리소스 파일">
      <UniqueIdentifier>{67DA6AB6-F800-4c08-8B7A-83BB121AAD01}</UniqueIdentifier>
      <Extensions>rc;ico;cur;bmp;dlg;rc2;rct;bin;rgs;gif;jpg;jpeg;jpe;resx;tiff;tif;png;wav;mfcribbon-ms</Extensions>
    </Filter>
    <Filter Include="소스 파일\MJ">
      <UniqueIdentifier>{7dc25739-9e7d-4566-9ac0-68afb337887b}</UniqueIdentifier>
    </Filter>
    <Filter Include="소스 파일\MJ\02.Scene">
      <UniqueIdentifier>{40a52f1f-d3b6-42ab-9028-49af62fc542f}</UniqueIdentifier>
    </Filter>
    <Filter Include="소스 파일\MJ\03.Object">
      <UniqueIdentifier>{9f5c0a34-1aed-41b8-b8a6-7c35612e8b25}</UniqueIdentifier>
    </Filter>
    <Filter Include="소스 파일\MJ\04.Sound">
      <UniqueIdentifier>{ca41618e-f234-4bc8-94f5-86cbd42cc526}</UniqueIdentifier>
    </Filter>
    <Filter Include="헤더 파일\MJ">
      <UniqueIdentifier>{22045b4c-0e85-4688-99c4-52c09e67ec8c}</UniqueIdentifier>
    </Filter>
  </ItemGroup>
  <ItemGroup>
    <ClInclude Include="framework.h">
      <Filter>헤더 파일</Filter>
    </ClInclude>
    <ClInclude Include="targetver.h">
      <Filter>헤더 파일</Filter>
    </ClInclude>
    <ClInclude Include="Resource.h">
      <Filter>헤더 파일</Filter>
    </ClInclude>
    <ClInclude Include="GALAGA_Client.h">
      <Filter>헤더 파일</Filter>
    </ClInclude>
    <ClInclude Include="Object\Object.h">
      <Filter>소스 파일\MJ\03.Object</Filter>
    </ClInclude>
    <ClInclude Include="Object\ObjectManager.h">
      <Filter>소스 파일\MJ\03.Object</Filter>
    </ClInclude>
    <ClInclude Include="Scene\SceneManager.h">
      <Filter>소스 파일\MJ\02.Scene</Filter>
    </ClInclude>
    <ClInclude Include="Scene\Scene.h">
      <Filter>소스 파일\MJ\02.Scene</Filter>
    </ClInclude>
    <ClInclude Include="Sound\SoundManager.h">
      <Filter>소스 파일\MJ\04.Sound</Filter>
    </ClInclude>
  </ItemGroup>
  <ItemGroup>
    <ClCompile Include="GALAGA_Client.cpp">
      <Filter>소스 파일</Filter>
    </ClCompile>
    <ClCompile Include="Object\Object.cpp">
      <Filter>소스 파일\MJ\03.Object</Filter>
    </ClCompile>
    <ClCompile Include="Object\ObjectManager.cpp">
      <Filter>소스 파일\MJ\03.Object</Filter>
    </ClCompile>
    <ClCompile Include="Scene\Scene.cpp">
      <Filter>소스 파일\MJ\02.Scene</Filter>
    </ClCompile>
    <ClCompile Include="Scene\SceneManager.cpp">
      <Filter>소스 파일\MJ\02.Scene</Filter>
    </ClCompile>
    <ClCompile Include="Sound\SoundManager.cpp">
      <Filter>소스 파일\MJ\04.Sound</Filter>
    </ClCompile>
  </ItemGroup>
  <ItemGroup>
    <ResourceCompile Include="GALAGA_Client.rc">
      <Filter>리소스 파일</Filter>
    </ResourceCompile>
  </ItemGroup>
  <ItemGroup>
    <Image Include="small.ico">
      <Filter>리소스 파일</Filter>
    </Image>
    <Image Include="GALAGA_Client.ico">
      <Filter>리소스 파일</Filter>
    </Image>
  </ItemGroup>
</Project>