<?xml version="1.0" encoding="utf-8"?>
<Project ToolsVersion="4.0" xmlns="http://schemas.microsoft.com/developer/msbuild/2003">
  <ItemGroup>
    <Filter Include="소스 파일">
      <UniqueIdentifier>{4FC737F1-C7A5-4376-A066-2A32D752A2FF}</UniqueIdentifier>
      <Extensions>cpp;c;cc;cxx;c++;cppm;ixx;def;odl;idl;hpj;bat;asm;asmx</Extensions>
    </Filter>
    <Filter Include="헤더 파일">
      <UniqueIdentifier>{93995380-89BD-4b04-88EB-625FBE52EBFB}</UniqueIdentifier>
      <Extensions>h;hh;hpp;hxx;h++;hm;inl;inc;ipp;xsd</Extensions>
    </Filter>
    <Filter Include="리소스 파일">
      <UniqueIdentifier>{67DA6AB6-F800-4c08-8B7A-83BB121AAD01}</UniqueIdentifier>
      <Extensions>rc;ico;cur;bmp;dlg;rc2;rct;bin;rgs;gif;jpg;jpeg;jpe;resx;tiff;tif;png;wav;mfcribbon-ms</Extensions>
    </Filter>
    <Filter Include="01.Core">
      <UniqueIdentifier>{1a103239-c204-4041-825c-095e321db2e6}</UniqueIdentifier>
    </Filter>
    <Filter Include="01.Core\01-0_Core">
      <UniqueIdentifier>{8373f250-cb5a-496c-96e2-e756ca97cd72}</UniqueIdentifier>
    </Filter>
    <Filter Include="01.Core\01-1_Timer">
      <UniqueIdentifier>{4127241e-5c2b-41fa-a175-4d120ab43259}</UniqueIdentifier>
    </Filter>
    <Filter Include="02.Scene">
      <UniqueIdentifier>{0bd07d59-802b-4857-9a29-dd9289f950ba}</UniqueIdentifier>
    </Filter>
    <Filter Include="02.Scene\02-1.SceneManager">
      <UniqueIdentifier>{e2b2f6f1-129f-4f6a-bfa1-7a1575502b46}</UniqueIdentifier>
    </Filter>
    <Filter Include="02.Scene\02-2.Scene">
      <UniqueIdentifier>{93cb4dea-d2db-4ce3-9103-7cf25592649a}</UniqueIdentifier>
    </Filter>
    <Filter Include="03.Object">
      <UniqueIdentifier>{48197ea3-5cf5-466b-bc6b-ecbbd02f4403}</UniqueIdentifier>
    </Filter>
    <Filter Include="05.Network">
      <UniqueIdentifier>{e498dbc8-435c-47da-a641-12b1fc619da4}</UniqueIdentifier>
    </Filter>
    <Filter Include="03.Object\03-2 Monster">
      <UniqueIdentifier>{03a942b6-50ce-4b6b-bcad-51a6bda9c31a}</UniqueIdentifier>
    </Filter>
    <Filter Include="03.Object\Bullet">
      <UniqueIdentifier>{f17f5fb3-2985-4a4c-98e8-81b0be1c8c7f}</UniqueIdentifier>
    </Filter>
  </ItemGroup>
  <ItemGroup>
    <ClInclude Include="Core.h">
      <Filter>01.Core\01-0_Core</Filter>
    </ClInclude>
    <ClInclude Include="Core\Timer.h">
      <Filter>01.Core\01-1_Timer</Filter>
    </ClInclude>
    <ClInclude Include="Scene\SceneManager.h">
      <Filter>02.Scene\02-1.SceneManager</Filter>
    </ClInclude>
    <ClInclude Include="Scene\Scene.h">
      <Filter>02.Scene\02-2.Scene</Filter>
    </ClInclude>
    <ClInclude Include="Network\NetworkDevice.h">
      <Filter>05.Network</Filter>
    </ClInclude>
    <ClInclude Include="Include\Enum.h">
      <Filter>헤더 파일</Filter>
    </ClInclude>
    <ClInclude Include="Include\Game.h">
      <Filter>헤더 파일</Filter>
    </ClInclude>
    <ClInclude Include="Include\Macro.h">
      <Filter>헤더 파일</Filter>
    </ClInclude>
    <ClInclude Include="Object\Object.h">
      <Filter>03.Object</Filter>
    </ClInclude>
    <ClInclude Include="Object\Monster.h">
      <Filter>03.Object\03-2 Monster</Filter>
    </ClInclude>
    <ClInclude Include="Include\Types.h">
      <Filter>헤더 파일</Filter>
    </ClInclude>
    <ClInclude Include="Object\Boss.h">
      <Filter>03.Object\03-2 Monster</Filter>
    </ClInclude>
    <ClInclude Include="Object\Tractor.h">
      <Filter>03.Object\03-2 Monster</Filter>
    </ClInclude>
    <ClInclude Include="MessageDispatcher\CMessageDispatcher.h">
      <Filter>헤더 파일</Filter>
    </ClInclude>
    <ClInclude Include="Locator.h">
      <Filter>헤더 파일</Filter>
    </ClInclude>
    <ClInclude Include="Object\Bullet.h">
      <Filter>03.Object\Bullet</Filter>
    </ClInclude>
    <ClInclude Include="Object\MonsterBullet.h">
      <Filter>03.Object</Filter>
    </ClInclude>
  </ItemGroup>
  <ItemGroup>
    <ClCompile Include="Core.cpp">
      <Filter>01.Core\01-0_Core</Filter>
    </ClCompile>
    <ClCompile Include="Core\Timer.cpp">
      <Filter>01.Core\01-1_Timer</Filter>
    </ClCompile>
    <ClCompile Include="Scene\SceneManager.cpp">
      <Filter>02.Scene\02-1.SceneManager</Filter>
    </ClCompile>
    <ClCompile Include="Scene\Scene.cpp">
      <Filter>02.Scene\02-2.Scene</Filter>
    </ClCompile>
    <ClCompile Include="main.cpp">
      <Filter>소스 파일</Filter>
    </ClCompile>
    <ClCompile Include="Network\NetworkDevice.cpp">
      <Filter>05.Network</Filter>
    </ClCompile>
    <ClCompile Include="Object\Object.cpp">
      <Filter>03.Object</Filter>
    </ClCompile>
    <ClCompile Include="Object\Monster.cpp">
      <Filter>03.Object\03-2 Monster</Filter>
    </ClCompile>
    <ClCompile Include="Object\Tractor.cpp">
      <Filter>03.Object\03-2 Monster</Filter>
    </ClCompile>
    <ClCompile Include="Object\Boss.cpp">
      <Filter>03.Object\03-2 Monster</Filter>
    </ClCompile>
    <ClCompile Include="MessageDispatcher\CMessageDispatcher.cpp">
      <Filter>소스 파일</Filter>
    </ClCompile>
    <ClCompile Include="Locator.cpp">
      <Filter>소스 파일</Filter>
    </ClCompile>
    <ClCompile Include="Object\Bullet.cpp">
      <Filter>03.Object\Bullet</Filter>
    </ClCompile>
    <ClCompile Include="Object\MonsterBullet.cpp">
      <Filter>03.Object</Filter>
    </ClCompile>
  </ItemGroup>
</Project>